
Microsoft Visual Studio Solution File, Format Version 12.00
# Visual Studio 2012
Project("{FAE04EC0-301F-11D3-BF4B-00C04F79EFBC}") = "MvcApplication1", "MvcApplication1\MvcApplication1.csproj", "{B19BF5CF-ABA6-4C80-BE6C-ADF91A1ACFE4}"
EndProject
Global
	GlobalSection(SolutionConfigurationPlatforms) = preSolution
		Debug|Any CPU = Debug|Any CPU
		Release|Any CPU = Release|Any CPU
	EndGlobalSection
	GlobalSection(ProjectConfigurationPlatforms) = postSolution
		{B19BF5CF-ABA6-4C80-BE6C-ADF91A1ACFE4}.Debug|Any CPU.ActiveCfg = Debug|Any CPU
		{B19BF5CF-ABA6-4C80-BE6C-ADF91A1ACFE4}.Debug|Any CPU.Build.0 = Debug|Any CPU
		{B19BF5CF-ABA6-4C80-BE6C-ADF91A1ACFE4}.Release|Any CPU.ActiveCfg = Release|Any CPU
		{B19BF5CF-ABA6-4C80-BE6C-ADF91A1ACFE4}.Release|Any CPU.Build.0 = Release|Any CPU
	EndGlobalSection
	GlobalSection(SolutionProperties) = preSolution
		HideSolutionNode = FALSE
	EndGlobalSection
EndGlobal
